
Microsoft Visual Studio Solution File, Format Version 12.00
# Visual Studio Version 16
VisualStudioVersion = 16.0.30428.66
MinimumVisualStudioVersion = 10.0.40219.1
Project("{8BC9CEB8-8B4A-11D0-8D11-00A0C91BC942}") = "Buffout4", "Buffout4.vcxproj", "{C2FB8152-0214-44C2-AC38-F55E5F9292C8}"
EndProject
Project("{8BC9CEB8-8B4A-11D0-8D11-00A0C91BC942}") = "CommonLibF4", "%CommonLibF4Path%\CommonLibF4.vcxproj", "{4151B24D-90EF-4EF9-BB8D-880B4155D0BD}"
EndProject
Global
	GlobalSection(SolutionConfigurationPlatforms) = preSolution
		Debug|x64 = Debug|x64
		Debug|x86 = Debug|x86
		Release|x64 = Release|x64
		Release|x86 = Release|x86
	EndGlobalSection
	GlobalSection(ProjectConfigurationPlatforms) = postSolution
		{C2FB8152-0214-44C2-AC38-F55E5F9292C8}.Debug|x64.ActiveCfg = Debug|x64
		{C2FB8152-0214-44C2-AC38-F55E5F9292C8}.Debug|x64.Build.0 = Debug|x64
		{C2FB8152-0214-44C2-AC38-F55E5F9292C8}.Debug|x86.ActiveCfg = Debug|Win32
		{C2FB8152-0214-44C2-AC38-F55E5F9292C8}.Debug|x86.Build.0 = Debug|Win32
		{C2FB8152-0214-44C2-AC38-F55E5F9292C8}.Release|x64.ActiveCfg = Release|x64
		{C2FB8152-0214-44C2-AC38-F55E5F9292C8}.Release|x64.Build.0 = Release|x64
		{C2FB8152-0214-44C2-AC38-F55E5F9292C8}.Release|x86.ActiveCfg = Release|Win32
		{C2FB8152-0214-44C2-AC38-F55E5F9292C8}.Release|x86.Build.0 = Release|Win32
		{4151B24D-90EF-4EF9-BB8D-880B4155D0BD}.Debug|x64.ActiveCfg = Debug|x64
		{4151B24D-90EF-4EF9-BB8D-880B4155D0BD}.Debug|x64.Build.0 = Debug|x64
		{4151B24D-90EF-4EF9-BB8D-880B4155D0BD}.Debug|x86.ActiveCfg = Debug|Win32
		{4151B24D-90EF-4EF9-BB8D-880B4155D0BD}.Debug|x86.Build.0 = Debug|Win32
		{4151B24D-90EF-4EF9-BB8D-880B4155D0BD}.Release|x64.ActiveCfg = Release|x64
		{4151B24D-90EF-4EF9-BB8D-880B4155D0BD}.Release|x64.Build.0 = Release|x64
		{4151B24D-90EF-4EF9-BB8D-880B4155D0BD}.Release|x86.ActiveCfg = Release|Win32
		{4151B24D-90EF-4EF9-BB8D-880B4155D0BD}.Release|x86.Build.0 = Release|Win32
	EndGlobalSection
	GlobalSection(SolutionProperties) = preSolution
		HideSolutionNode = FALSE
	EndGlobalSection
	GlobalSection(ExtensibilityGlobals) = postSolution
		SolutionGuid = {2BC8D215-FAB8-4A71-B5A5-15603AC86248}
	EndGlobalSection
EndGlobal
